
Microsoft Visual Studio Solution File, Format Version 12.00
# Visual Studio 14
VisualStudioVersion = 14.0.25420.1
MinimumVisualStudioVersion = 10.0.40219.1
Project("{FAE04EC0-301F-11D3-BF4B-00C04F79EFBC}") = "Example.HttpClient", "Example.HttpClient\Example.HttpClient.csproj", "{E29F135E-BB49-4E9E-AD29-F4EB73E9D193}"
EndProject
Project("{FAE04EC0-301F-11D3-BF4B-00C04F79EFBC}") = "Example.DB", "Example.DB\Example.DB.csproj", "{1F227966-ED31-4B6D-9916-92091292A8AB}"
EndProject
Project("{FAE04EC0-301F-11D3-BF4B-00C04F79EFBC}") = "Example.Data.Contract", "Example.Data.Contract\Example.Data.Contract.csproj", "{C3E067DC-180A-4559-9B79-E4C9A0477B0E}"
EndProject
Project("{FAE04EC0-301F-11D3-BF4B-00C04F79EFBC}") = "Example.Repo", "Example.Data\Example.Repo.csproj", "{6E05BB2D-B952-45C3-85B2-16D256FC2B59}"
EndProject
Project("{FAE04EC0-301F-11D3-BF4B-00C04F79EFBC}") = "Example.WebApi", "Example.WebApi\Example.WebApi.csproj", "{CEEB7D9B-7720-41EA-A555-78985E9E0182}"
EndProject
Project("{FAE04EC0-301F-11D3-BF4B-00C04F79EFBC}") = "Covis.Data.Json.Contracts", "Covis.Data.Json.Contracts\Covis.Data.Json.Contracts.csproj", "{4391EA71-467C-450E-A8EA-1310FFCAFA98}"
EndProject
Project("{FAE04EC0-301F-11D3-BF4B-00C04F79EFBC}") = "Covis.Data.Repo", "Covis.Data.Repo\Covis.Data.Repo.csproj", "{6EF17A95-8160-4C31-9882-DF71F025CEE7}"
EndProject
Project("{FAE04EC0-301F-11D3-BF4B-00C04F79EFBC}") = "Covis.Data.Common", "Covis.Data.Common\Covis.Data.Common.csproj", "{517F9BD0-4757-4EB0-AF01-7F8A76E6C303}"
EndProject
Project("{FAE04EC0-301F-11D3-BF4B-00C04F79EFBC}") = "Covis.Data.SqlProvider", "Covis.Data.SqlProvider\Covis.Data.SqlProvider.csproj", "{70E07DC3-22D6-400B-B5A1-C3BEABF406D8}"
EndProject
Project("{FAE04EC0-301F-11D3-BF4B-00C04F79EFBC}") = "Covis.Data.LinqConverter", "Covis.Data.LinqConverter\Covis.Data.LinqConverter.csproj", "{2A69873B-A671-4DA6-BB14-F9839E07E386}"
EndProject
Global
	GlobalSection(SolutionConfigurationPlatforms) = preSolution
		Debug|Any CPU = Debug|Any CPU
		Release|Any CPU = Release|Any CPU
	EndGlobalSection
	GlobalSection(ProjectConfigurationPlatforms) = postSolution
		{E29F135E-BB49-4E9E-AD29-F4EB73E9D193}.Debug|Any CPU.ActiveCfg = Debug|Any CPU
		{E29F135E-BB49-4E9E-AD29-F4EB73E9D193}.Debug|Any CPU.Build.0 = Debug|Any CPU
		{E29F135E-BB49-4E9E-AD29-F4EB73E9D193}.Release|Any CPU.ActiveCfg = Release|Any CPU
		{E29F135E-BB49-4E9E-AD29-F4EB73E9D193}.Release|Any CPU.Build.0 = Release|Any CPU
		{1F227966-ED31-4B6D-9916-92091292A8AB}.Debug|Any CPU.ActiveCfg = Debug|Any CPU
		{1F227966-ED31-4B6D-9916-92091292A8AB}.Debug|Any CPU.Build.0 = Debug|Any CPU
		{1F227966-ED31-4B6D-9916-92091292A8AB}.Release|Any CPU.ActiveCfg = Release|Any CPU
		{1F227966-ED31-4B6D-9916-92091292A8AB}.Release|Any CPU.Build.0 = Release|Any CPU
		{C3E067DC-180A-4559-9B79-E4C9A0477B0E}.Debug|Any CPU.ActiveCfg = Debug|Any CPU
		{C3E067DC-180A-4559-9B79-E4C9A0477B0E}.Debug|Any CPU.Build.0 = Debug|Any CPU
		{C3E067DC-180A-4559-9B79-E4C9A0477B0E}.Release|Any CPU.ActiveCfg = Release|Any CPU
		{C3E067DC-180A-4559-9B79-E4C9A0477B0E}.Release|Any CPU.Build.0 = Release|Any CPU
		{6E05BB2D-B952-45C3-85B2-16D256FC2B59}.Debug|Any CPU.ActiveCfg = Debug|Any CPU
		{6E05BB2D-B952-45C3-85B2-16D256FC2B59}.Debug|Any CPU.Build.0 = Debug|Any CPU
		{6E05BB2D-B952-45C3-85B2-16D256FC2B59}.Release|Any CPU.ActiveCfg = Release|Any CPU
		{6E05BB2D-B952-45C3-85B2-16D256FC2B59}.Release|Any CPU.Build.0 = Release|Any CPU
		{CEEB7D9B-7720-41EA-A555-78985E9E0182}.Debug|Any CPU.ActiveCfg = Debug|Any CPU
		{CEEB7D9B-7720-41EA-A555-78985E9E0182}.Debug|Any CPU.Build.0 = Debug|Any CPU
		{CEEB7D9B-7720-41EA-A555-78985E9E0182}.Release|Any CPU.ActiveCfg = Release|Any CPU
		{CEEB7D9B-7720-41EA-A555-78985E9E0182}.Release|Any CPU.Build.0 = Release|Any CPU
		{4391EA71-467C-450E-A8EA-1310FFCAFA98}.Debug|Any CPU.ActiveCfg = Debug|Any CPU
		{4391EA71-467C-450E-A8EA-1310FFCAFA98}.Debug|Any CPU.Build.0 = Debug|Any CPU
		{4391EA71-467C-450E-A8EA-1310FFCAFA98}.Release|Any CPU.ActiveCfg = Release|Any CPU
		{4391EA71-467C-450E-A8EA-1310FFCAFA98}.Release|Any CPU.Build.0 = Release|Any CPU
		{6EF17A95-8160-4C31-9882-DF71F025CEE7}.Debug|Any CPU.ActiveCfg = Debug|Any CPU
		{6EF17A95-8160-4C31-9882-DF71F025CEE7}.Debug|Any CPU.Build.0 = Debug|Any CPU
		{6EF17A95-8160-4C31-9882-DF71F025CEE7}.Release|Any CPU.ActiveCfg = Release|Any CPU
		{6EF17A95-8160-4C31-9882-DF71F025CEE7}.Release|Any CPU.Build.0 = Release|Any CPU
		{517F9BD0-4757-4EB0-AF01-7F8A76E6C303}.Debug|Any CPU.ActiveCfg = Debug|Any CPU
		{517F9BD0-4757-4EB0-AF01-7F8A76E6C303}.Debug|Any CPU.Build.0 = Debug|Any CPU
		{517F9BD0-4757-4EB0-AF01-7F8A76E6C303}.Release|Any CPU.ActiveCfg = Release|Any CPU
		{517F9BD0-4757-4EB0-AF01-7F8A76E6C303}.Release|Any CPU.Build.0 = Release|Any CPU
		{70E07DC3-22D6-400B-B5A1-C3BEABF406D8}.Debug|Any CPU.ActiveCfg = Debug|Any CPU
		{70E07DC3-22D6-400B-B5A1-C3BEABF406D8}.Debug|Any CPU.Build.0 = Debug|Any CPU
		{70E07DC3-22D6-400B-B5A1-C3BEABF406D8}.Release|Any CPU.ActiveCfg = Release|Any CPU
		{70E07DC3-22D6-400B-B5A1-C3BEABF406D8}.Release|Any CPU.Build.0 = Release|Any CPU
		{2A69873B-A671-4DA6-BB14-F9839E07E386}.Debug|Any CPU.ActiveCfg = Debug|Any CPU
		{2A69873B-A671-4DA6-BB14-F9839E07E386}.Debug|Any CPU.Build.0 = Debug|Any CPU
		{2A69873B-A671-4DA6-BB14-F9839E07E386}.Release|Any CPU.ActiveCfg = Release|Any CPU
		{2A69873B-A671-4DA6-BB14-F9839E07E386}.Release|Any CPU.Build.0 = Release|Any CPU
	EndGlobalSection
	GlobalSection(SolutionProperties) = preSolution
		HideSolutionNode = FALSE
	EndGlobalSection
EndGlobal
