
Microsoft Visual Studio Solution File, Format Version 12.00
# Visual Studio 14
VisualStudioVersion = 14.0.25420.1
MinimumVisualStudioVersion = 10.0.40219.1
Project("{FAE04EC0-301F-11D3-BF4B-00C04F79EFBC}") = "Example.HttpClient", "Example.HttpClient\Example.HttpClient.csproj", "{E29F135E-BB49-4E9E-AD29-F4EB73E9D193}"
EndProject
Project("{FAE04EC0-301F-11D3-BF4B-00C04F79EFBC}") = "Example.DB", "Example.DB\Example.DB.csproj", "{1F227966-ED31-4B6D-9916-92091292A8AB}"
EndProject
Project("{FAE04EC0-301F-11D3-BF4B-00C04F79EFBC}") = "Example.Data.Contract", "Example.Data.Contract\Example.Data.Contract.csproj", "{C3E067DC-180A-4559-9B79-E4C9A0477B0E}"
EndProject
Project("{FAE04EC0-301F-11D3-BF4B-00C04F79EFBC}") = "Example.Repo", "Example.Data\Example.Repo.csproj", "{6E05BB2D-B952-45C3-85B2-16D256FC2B59}"
EndProject
Project("{FAE04EC0-301F-11D3-BF4B-00C04F79EFBC}") = "Covis.Data.DynamicLinq.Provider", "Covis.Data.DynamicLinq.Provider\Covis.Data.DynamicLinq.Provider.csproj", "{A901D864-7913-4713-BD17-84A6E5669C0D}"
EndProject
Project("{FAE04EC0-301F-11D3-BF4B-00C04F79EFBC}") = "Example.WebApi", "Example.WebApi\Example.WebApi.csproj", "{CEEB7D9B-7720-41EA-A555-78985E9E0182}"
EndProject
Project("{FAE04EC0-301F-11D3-BF4B-00C04F79EFBC}") = "Covis.Data.DynamicLinq.CQuery", "Covis.Data.DynamicLinq.CQuery\Covis.Data.DynamicLinq.CQuery.csproj", "{98F28792-F040-4442-9D06-1B6517320FA0}"
EndProject
Project("{FAE04EC0-301F-11D3-BF4B-00C04F79EFBC}") = "Covis.Data.DynamicLinq.CQuery.Contracts", "Covis.Data.DynamicLinq.CQuery.Contracts\Covis.Data.DynamicLinq.CQuery.Contracts.csproj", "{FBE573DE-621D-46F2-A2EE-C7B84C640980}"
EndProject
Project("{FAE04EC0-301F-11D3-BF4B-00C04F79EFBC}") = "Covis.Data.DynamicLinq.Security", "Covis.Data.Sequrity\Covis.Data.DynamicLinq.Security.csproj", "{454B5432-AEDA-4C9B-BDEE-D8DB4EDA3D1E}"
EndProject
Project("{FAE04EC0-301F-11D3-BF4B-00C04F79EFBC}") = "Covis.Data.DynamicLinq.Repo", "Covis.Data.DynamicLinq.Repo\Covis.Data.DynamicLinq.Repo.csproj", "{088886E5-C96A-4D50-B803-C3832CA3A778}"
EndProject
Project("{FAE04EC0-301F-11D3-BF4B-00C04F79EFBC}") = "Example.Angular", "Example.Angular\Example.Angular.csproj", "{493663CA-6C73-4B17-8AA3-74F4A47235BC}"
EndProject
Project("{FAE04EC0-301F-11D3-BF4B-00C04F79EFBC}") = "Covis.Data.Script.CQuery", "Covis.Data.Script.CQuery\Covis.Data.Script.CQuery.csproj", "{2550B8B5-D223-48E1-A6E9-E14AA67BFCAB}"
EndProject
Global
	GlobalSection(SolutionConfigurationPlatforms) = preSolution
		Debug|Any CPU = Debug|Any CPU
		Release|Any CPU = Release|Any CPU
	EndGlobalSection
	GlobalSection(ProjectConfigurationPlatforms) = postSolution
		{E29F135E-BB49-4E9E-AD29-F4EB73E9D193}.Debug|Any CPU.ActiveCfg = Debug|Any CPU
		{E29F135E-BB49-4E9E-AD29-F4EB73E9D193}.Debug|Any CPU.Build.0 = Debug|Any CPU
		{E29F135E-BB49-4E9E-AD29-F4EB73E9D193}.Release|Any CPU.ActiveCfg = Release|Any CPU
		{E29F135E-BB49-4E9E-AD29-F4EB73E9D193}.Release|Any CPU.Build.0 = Release|Any CPU
		{1F227966-ED31-4B6D-9916-92091292A8AB}.Debug|Any CPU.ActiveCfg = Debug|Any CPU
		{1F227966-ED31-4B6D-9916-92091292A8AB}.Debug|Any CPU.Build.0 = Debug|Any CPU
		{1F227966-ED31-4B6D-9916-92091292A8AB}.Release|Any CPU.ActiveCfg = Release|Any CPU
		{1F227966-ED31-4B6D-9916-92091292A8AB}.Release|Any CPU.Build.0 = Release|Any CPU
		{C3E067DC-180A-4559-9B79-E4C9A0477B0E}.Debug|Any CPU.ActiveCfg = Debug|Any CPU
		{C3E067DC-180A-4559-9B79-E4C9A0477B0E}.Debug|Any CPU.Build.0 = Debug|Any CPU
		{C3E067DC-180A-4559-9B79-E4C9A0477B0E}.Release|Any CPU.ActiveCfg = Release|Any CPU
		{C3E067DC-180A-4559-9B79-E4C9A0477B0E}.Release|Any CPU.Build.0 = Release|Any CPU
		{6E05BB2D-B952-45C3-85B2-16D256FC2B59}.Debug|Any CPU.ActiveCfg = Debug|Any CPU
		{6E05BB2D-B952-45C3-85B2-16D256FC2B59}.Debug|Any CPU.Build.0 = Debug|Any CPU
		{6E05BB2D-B952-45C3-85B2-16D256FC2B59}.Release|Any CPU.ActiveCfg = Release|Any CPU
		{6E05BB2D-B952-45C3-85B2-16D256FC2B59}.Release|Any CPU.Build.0 = Release|Any CPU
		{A901D864-7913-4713-BD17-84A6E5669C0D}.Debug|Any CPU.ActiveCfg = Debug|Any CPU
		{A901D864-7913-4713-BD17-84A6E5669C0D}.Debug|Any CPU.Build.0 = Debug|Any CPU
		{A901D864-7913-4713-BD17-84A6E5669C0D}.Release|Any CPU.ActiveCfg = Release|Any CPU
		{A901D864-7913-4713-BD17-84A6E5669C0D}.Release|Any CPU.Build.0 = Release|Any CPU
		{CEEB7D9B-7720-41EA-A555-78985E9E0182}.Debug|Any CPU.ActiveCfg = Debug|Any CPU
		{CEEB7D9B-7720-41EA-A555-78985E9E0182}.Debug|Any CPU.Build.0 = Debug|Any CPU
		{CEEB7D9B-7720-41EA-A555-78985E9E0182}.Release|Any CPU.ActiveCfg = Release|Any CPU
		{CEEB7D9B-7720-41EA-A555-78985E9E0182}.Release|Any CPU.Build.0 = Release|Any CPU
		{98F28792-F040-4442-9D06-1B6517320FA0}.Debug|Any CPU.ActiveCfg = Debug|Any CPU
		{98F28792-F040-4442-9D06-1B6517320FA0}.Debug|Any CPU.Build.0 = Debug|Any CPU
		{98F28792-F040-4442-9D06-1B6517320FA0}.Release|Any CPU.ActiveCfg = Release|Any CPU
		{98F28792-F040-4442-9D06-1B6517320FA0}.Release|Any CPU.Build.0 = Release|Any CPU
		{FBE573DE-621D-46F2-A2EE-C7B84C640980}.Debug|Any CPU.ActiveCfg = Debug|Any CPU
		{FBE573DE-621D-46F2-A2EE-C7B84C640980}.Debug|Any CPU.Build.0 = Debug|Any CPU
		{FBE573DE-621D-46F2-A2EE-C7B84C640980}.Release|Any CPU.ActiveCfg = Release|Any CPU
		{FBE573DE-621D-46F2-A2EE-C7B84C640980}.Release|Any CPU.Build.0 = Release|Any CPU
		{454B5432-AEDA-4C9B-BDEE-D8DB4EDA3D1E}.Debug|Any CPU.ActiveCfg = Debug|Any CPU
		{454B5432-AEDA-4C9B-BDEE-D8DB4EDA3D1E}.Debug|Any CPU.Build.0 = Debug|Any CPU
		{454B5432-AEDA-4C9B-BDEE-D8DB4EDA3D1E}.Release|Any CPU.ActiveCfg = Release|Any CPU
		{454B5432-AEDA-4C9B-BDEE-D8DB4EDA3D1E}.Release|Any CPU.Build.0 = Release|Any CPU
		{088886E5-C96A-4D50-B803-C3832CA3A778}.Debug|Any CPU.ActiveCfg = Debug|Any CPU
		{088886E5-C96A-4D50-B803-C3832CA3A778}.Debug|Any CPU.Build.0 = Debug|Any CPU
		{088886E5-C96A-4D50-B803-C3832CA3A778}.Release|Any CPU.ActiveCfg = Release|Any CPU
		{088886E5-C96A-4D50-B803-C3832CA3A778}.Release|Any CPU.Build.0 = Release|Any CPU
		{493663CA-6C73-4B17-8AA3-74F4A47235BC}.Debug|Any CPU.ActiveCfg = Debug|Any CPU
		{493663CA-6C73-4B17-8AA3-74F4A47235BC}.Debug|Any CPU.Build.0 = Debug|Any CPU
		{493663CA-6C73-4B17-8AA3-74F4A47235BC}.Release|Any CPU.ActiveCfg = Release|Any CPU
		{493663CA-6C73-4B17-8AA3-74F4A47235BC}.Release|Any CPU.Build.0 = Release|Any CPU
		{2550B8B5-D223-48E1-A6E9-E14AA67BFCAB}.Debug|Any CPU.ActiveCfg = Debug|Any CPU
		{2550B8B5-D223-48E1-A6E9-E14AA67BFCAB}.Debug|Any CPU.Build.0 = Debug|Any CPU
		{2550B8B5-D223-48E1-A6E9-E14AA67BFCAB}.Release|Any CPU.ActiveCfg = Release|Any CPU
		{2550B8B5-D223-48E1-A6E9-E14AA67BFCAB}.Release|Any CPU.Build.0 = Release|Any CPU
	EndGlobalSection
	GlobalSection(SolutionProperties) = preSolution
		HideSolutionNode = FALSE
	EndGlobalSection
	GlobalSection(TeamFoundationVersionControl) = preSolution
		SccNumberOfProjects = 13
		SccEnterpriseProvider = {4CA58AB2-18FA-4F8D-95D4-32DDF27D184C}
		SccTeamFoundationServer = https://tfs.covis.lan/tfs/defaultcollection
		SccLocalPath0 = .
		SccProjectUniqueName1 = Example.Data.Contract\\Example.Data.Contract.csproj
		SccProjectName1 = Example.Data.Contract
		SccLocalPath1 = Example.Data.Contract
		SccProjectUniqueName2 = Example.HttpClient\\Example.HttpClient.csproj
		SccProjectName2 = Example.HttpClient
		SccLocalPath2 = Example.HttpClient
		SccProjectUniqueName3 = Example.DB\\Example.DB.csproj
		SccProjectName3 = Example.DB
		SccLocalPath3 = Example.DB
		SccProjectUniqueName4 = Covis.Data.DynamicLinq.Provider\\Covis.Data.DynamicLinq.Provider.csproj
		SccProjectName4 = Covis.Data.DynamicLinq.Provider
		SccLocalPath4 = Covis.Data.DynamicLinq.Provider
		SccProjectUniqueName5 = Example.WebApi\\Example.WebApi.csproj
		SccProjectName5 = Example.WebApi
		SccLocalPath5 = Example.WebApi
		SccProjectUniqueName6 = Covis.Data.DynamicLinq.CQuery\\Covis.Data.DynamicLinq.CQuery.csproj
		SccProjectName6 = Covis.Data.DynamicLinq.CQuery
		SccLocalPath6 = Covis.Data.DynamicLinq.CQuery
		SccProjectUniqueName7 = Covis.Data.DynamicLinq.CQuery.Contracts\\Covis.Data.DynamicLinq.CQuery.Contracts.csproj
		SccProjectName7 = Covis.Data.DynamicLinq.CQuery.Contracts
		SccLocalPath7 = Covis.Data.DynamicLinq.CQuery.Contracts
		SccProjectUniqueName8 = Covis.Data.Sequrity\\Covis.Data.DynamicLinq.Security.csproj
		SccProjectName8 = Covis.Data.Sequrity
		SccLocalPath8 = Covis.Data.Sequrity
		SccProjectUniqueName9 = Covis.Data.DynamicLinq.Repo\\Covis.Data.DynamicLinq.Repo.csproj
		SccProjectName9 = Covis.Data.DynamicLinq.Repo
		SccLocalPath9 = Covis.Data.DynamicLinq.Repo
		SccProjectUniqueName10 = Example.Data\\Example.Repo.csproj
		SccProjectName10 = Example.Data
		SccLocalPath10 = Example.Data
		SccProjectUniqueName11 = Example.Angular\\Example.Angular.csproj
		SccProjectName11 = Example.Angular
		SccLocalPath11 = Example.Angular
		SccProjectUniqueName12 = Covis.Data.Script.CQuery\\Covis.Data.Script.CQuery.csproj
		SccProjectName12 = Covis.Data.Script.CQuery
		SccLocalPath12 = Covis.Data.Script.CQuery
	EndGlobalSection
EndGlobal
